
Microsoft Visual Studio Solution File, Format Version 12.00
# Visual Studio Version 17
VisualStudioVersion = 17.0.32126.317
MinimumVisualStudioVersion = 10.0.40219.1
Project("{9A19103F-16F7-4668-BE54-9A1E7A4F7556}") = "WGT.API", "WGT.API\WGT.API.csproj", "{AC88CE68-6CC9-4B87-B0DB-F0F1707D3174}"
EndProject
Project("{FAE04EC0-301F-11D3-BF4B-00C04F79EFBC}") = "WGT.API.Tests", "..\tests\WGT.API.Tests\WGT.API.Tests.csproj", "{4CDEBDE9-75D9-4A1E-992D-EC5265615C3D}"
EndProject
Global
	GlobalSection(SolutionConfigurationPlatforms) = preSolution
		Debug|Any CPU = Debug|Any CPU
		Release|Any CPU = Release|Any CPU
	EndGlobalSection
	GlobalSection(ProjectConfigurationPlatforms) = postSolution
		{AC88CE68-6CC9-4B87-B0DB-F0F1707D3174}.Debug|Any CPU.ActiveCfg = Debug|Any CPU
		{AC88CE68-6CC9-4B87-B0DB-F0F1707D3174}.Debug|Any CPU.Build.0 = Debug|Any CPU
		{AC88CE68-6CC9-4B87-B0DB-F0F1707D3174}.Release|Any CPU.ActiveCfg = Release|Any CPU
		{AC88CE68-6CC9-4B87-B0DB-F0F1707D3174}.Release|Any CPU.Build.0 = Release|Any CPU
		{4CDEBDE9-75D9-4A1E-992D-EC5265615C3D}.Debug|Any CPU.ActiveCfg = Debug|Any CPU
		{4CDEBDE9-75D9-4A1E-992D-EC5265615C3D}.Debug|Any CPU.Build.0 = Debug|Any CPU
		{4CDEBDE9-75D9-4A1E-992D-EC5265615C3D}.Release|Any CPU.ActiveCfg = Release|Any CPU
		{4CDEBDE9-75D9-4A1E-992D-EC5265615C3D}.Release|Any CPU.Build.0 = Release|Any CPU
	EndGlobalSection
	GlobalSection(SolutionProperties) = preSolution
		HideSolutionNode = FALSE
	EndGlobalSection
	GlobalSection(ExtensibilityGlobals) = postSolution
		SolutionGuid = {AC4FAD51-FD2A-411B-B92E-FDD044EA0EBF}
	EndGlobalSection
EndGlobal
